{
  "name": "boxd-upstash-box-contract",
  "version": "0.0.0",
  "lockfileVersion": 3,
  "requires": true,
  "packages": {
    "": {
      "name": "boxd-upstash-box-contract",
      "version": "0.0.0",
      "dependencies": {
        "@upstash/box": "0.6.3"
      },
      "devDependencies": {
        "typescript": "5.9.3"
      }
    },
    "node_modules/@upstash/box": {
      "version": "0.6.3",
      "resolved": "https://registry.npmmirror.com/@upstash/box/-/box-0.6.3.tgz",
      "integrity": "sha512-K/T61by0OFR6WgOc/uG3httkp7yn5mon/YPAZaeZtDWwnHPJ8qjpwBubwSm7OesXYv5paR0JrR03ksFKudqtGA==",
      "license": "MIT",
      "dependencies": {
        "zod-to-json-schema": "^3.25.1"
      },
      "engines": {
        "node": ">=18.0.0"
      },
      "peerDependencies": {
        "zod": "^3.25.0 || ^4.0.0"
      }
    },
    "node_modules/typescript": {
      "version": "5.9.3",
      "resolved": "https://registry.npmmirror.com/typescript/-/typescript-5.9.3.tgz",
      "integrity": "sha512-jl1vZzPDinLr9eUt3J/t7V6FgNEw9QjvBPdysz9KfQDD41fQrC2Y4vKQdiaUpFT4bXlb1RHhLpp8wtm6M5TgSw==",
      "dev": true,
      "license": "Apache-2.0",
      "bin": {
        "tsc": "bin/tsc",
        "tsserver": "bin/tsserver"
      },
      "engines": {
        "node": ">=14.17"
      }
    },
    "node_modules/zod": {
      "version": "4.4.3",
      "resolved": "https://registry.npmmirror.com/zod/-/zod-4.4.3.tgz",
      "integrity": "sha512-ytENFjIJFl2UwYglde2jchW2Hwm4GJFLDiSXWdTrJQBIN9Fcyp7n4DhxJEiWNAJMV1/BqWfW/kkg71UDcHJyTQ==",
      "license": "MIT",
      "peer": true,
      "funding": {
        "url": "https://github.com/sponsors/colinhacks"
      }
    },
    "node_modules/zod-to-json-schema": {
      "version": "3.25.2",
      "resolved": "https://registry.npmmirror.com/zod-to-json-schema/-/zod-to-json-schema-3.25.2.tgz",
      "integrity": "sha512-O/PgfnpT1xKSDeQYSCfRI5Gy3hPf91mKVDuYLUHZJMiDFptvP41MSnWofm8dnCm0256ZNfZIM7DSzuSMAFnjHA==",
      "license": "ISC",
      "peerDependencies": {
        "zod": "^3.25.28 || ^4"
      }
    }
  }
}
